// !$*UTF8*$!
{
	archiveVersion = 1;
	classes = {
	};
	objectVersion = 50;
	objects = {

/* Begin PBXBuildFile section */
		B857B4B125E68AC300BD5831 /* M4_L3_ChallengeApp.swift in Sources */ = {isa = PBXBuildFile; fileRef = B857B4B025E68AC300BD5831 /* M4_L3_ChallengeApp.swift */; };
		B857B4B325E68AC300BD5831 /* ContentView.swift in Sources */ = {isa = PBXBuildFile; fileRef = B857B4B225E68AC300BD5831 /* ContentView.swift */; };
		B857B4B525E68AC400BD5831 /* Assets.xcassets in Resources */ = {isa = PBXBuildFile; fileRef = B857B4B425E68AC400BD5831 /* Assets.xcassets */; };
		B857B4B825E68AC400BD5831 /* Preview Assets.xcassets in Resources */ = {isa = PBXBuildFile; fileRef = B857B4B725E68AC400BD5831 /* Preview Assets.xcassets */; };
		B857B4C225E68C2200BD5831 /* Tab2.swift in Sources */ = {isa = PBXBuildFile; fileRef = B857B4C125E68C2200BD5831 /* Tab2.swift */; };
		B857B4C525E68C7700BD5831 /* Tab3.swift in Sources */ = {isa = PBXBuildFile; fileRef = B857B4C425E68C7700BD5831 /* Tab3.swift */; };
/* End PBXBuildFile section */

/* Begin PBXFileReference section */
		B857B4AD25E68AC300BD5831 /* M4 L3 Challenge.app */ = {isa = PBXFileReference; explicitFileType = wrapper.application; includeInIndex = 0; path = "M4 L3 Challenge.app"; sourceTree = BUILT_PRODUCTS_DIR; };
		B857B4B025E68AC300BD5831 /* M4_L3_ChallengeApp.swift */ = {isa = PBXFileReference; lastKnownFileType = sourcecode.swift; path = M4_L3_ChallengeApp.swift; sourceTree = "<group>"; };
		B857B4B225E68AC300BD5831 /* ContentView.swift */ = {isa = PBXFileReference; lastKnownFileType = sourcecode.swift; path = ContentView.swift; sourceTree = "<group>"; };
		B857B4B425E68AC400BD5831 /* Assets.xcassets */ = {isa = PBXFileReference; lastKnownFileType = folder.assetcatalog; path = Assets.xcassets; sourceTree = "<group>"; };
		B857B4B725E68AC400BD5831 /* Preview Assets.xcassets */ = {isa = PBXFileReference; lastKnownFileType = folder.assetcatalog; path = "Preview Assets.xcassets"; sourceTree = "<group>"; };
		B857B4B925E68AC400BD5831 /* Info.plist */ = {isa = PBXFileReference; lastKnownFileType = text.plist.xml; path = Info.plist; sourceTree = "<group>"; };
		B857B4C125E68C2200BD5831 /* Tab2.swift */ = {isa = PBXFileReference; lastKnownFileType = sourcecode.swift; path = Tab2.swift; sourceTree = "<group>"; };
		B857B4C425E68C7700BD5831 /* Tab3.swift */ = {isa = PBXFileReference; lastKnownFileType = sourcecode.swift; path = Tab3.swift; sourceTree = "<group>"; };
/* End PBXFileReference section */

/* Begin PBXFrameworksBuildPhase section */
		B857B4AA25E68AC300BD5831 /* Frameworks */ = {
			isa = PBXFrameworksBuildPhase;
			buildActionMask = 2147483647;
			files = (
			);
			runOnlyForDeploymentPostprocessing = 0;
		};
/* End PBXFrameworksBuildPhase section */

/* Begin PBXGroup section */
		B857B4A425E68AC300BD5831 = {
			isa = PBXGroup;
			children = (
				B857B4C025E68C1100BD5831 /* Views */,
				B857B4AF25E68AC300BD5831 /* M4 L3 Challenge */,
				B857B4AE25E68AC300BD5831 /* Products */,
			);
			sourceTree = "<group>";
		};
		B857B4AE25E68AC300BD5831 /* Products */ = {
			isa = PBXGroup;
			children = (
				B857B4AD25E68AC300BD5831 /* M4 L3 Challenge.app */,
			);
			name = Products;
			sourceTree = "<group>";
		};
		B857B4AF25E68AC300BD5831 /* M4 L3 Challenge */ = {
			isa = PBXGroup;
			children = (
				B857B4B025E68AC300BD5831 /* M4_L3_ChallengeApp.swift */,
				B857B4B425E68AC400BD5831 /* Assets.xcassets */,
				B857B4B925E68AC400BD5831 /* Info.plist */,
				B857B4B625E68AC400BD5831 /* Preview Content */,
			);
			path = "M4 L3 Challenge";
			sourceTree = "<group>";
		};
		B857B4B625E68AC400BD5831 /* Preview Content */ = {
			isa = PBXGroup;
			children = (
				B857B4B725E68AC400BD5831 /* Preview Assets.xcassets */,
			);
			path = "Preview Content";
			sourceTree = "<group>";
		};
		B857B4C025E68C1100BD5831 /* Views */ = {
			isa = PBXGroup;
			children = (
				B857B4B225E68AC300BD5831 /* ContentView.swift */,
				B857B4C125E68C2200BD5831 /* Tab2.swift */,
				B857B4C425E68C7700BD5831 /* Tab3.swift */,
			);
			path = Views;
			sourceTree = "<group>";
		};
/* End PBXGroup section */

/* Begin PBXNativeTarget section */
		B857B4AC25E68AC300BD5831 /* M4 L3 Challenge */ = {
			isa = PBXNativeTarget;
			buildConfigurationList = B857B4BC25E68AC400BD5831 /* Build configuration list for PBXNativeTarget "M4 L3 Challenge" */;
			buildPhases = (
				B857B4A925E68AC300BD5831 /* Sources */,
				B857B4AA25E68AC300BD5831 /* Frameworks */,
				B857B4AB25E68AC300BD5831 /* Resources */,
			);
			buildRules = (
			);
			dependencies = (
			);
			name = "M4 L3 Challenge";
			productName = "M4 L3 Challenge";
			productReference = B857B4AD25E68AC300BD5831 /* M4 L3 Challenge.app */;
			productType = "com.apple.product-type.application";
		};
/* End PBXNativeTarget section */

/* Begin PBXProject section */
		B857B4A525E68AC300BD5831 /* Project object */ = {
			isa = PBXProject;
			attributes = {
				LastSwiftUpdateCheck = 1240;
				LastUpgradeCheck = 1240;
				TargetAttributes = {
					B857B4AC25E68AC300BD5831 = {
						CreatedOnToolsVersion = 12.4;
					};
				};
			};
			buildConfigurationList = B857B4A825E68AC300BD5831 /* Build configuration list for PBXProject "M4 L3 Challenge" */;
			compatibilityVersion = "Xcode 9.3";
			developmentRegion = en;
			hasScannedForEncodings = 0;
			knownRegions = (
				en,
				Base,
			);
			mainGroup = B857B4A425E68AC300BD5831;
			productRefGroup = B857B4AE25E68AC300BD5831 /* Products */;
			projectDirPath = "";
			projectRoot = "";
			targets = (
				B857B4AC25E68AC300BD5831 /* M4 L3 Challenge */,
			);
		};
/* End PBXProject section */

/* Begin PBXResourcesBuildPhase section */
		B857B4AB25E68AC300BD5831 /* Resources */ = {
			isa = PBXResourcesBuildPhase;
			buildActionMask = 2147483647;
			files = (
				B857B4B825E68AC400BD5831 /* Preview Assets.xcassets in Resources */,
				B857B4B525E68AC400BD5831 /* Assets.xcassets in Resources */,
			);
			runOnlyForDeploymentPostprocessing = 0;
		};
/* End PBXResourcesBuildPhase section */

/* Begin PBXSourcesBuildPhase section */
		B857B4A925E68AC300BD5831 /* Sources */ = {
			isa = PBXSourcesBuildPhase;
			buildActionMask = 2147483647;
			files = (
				B857B4B325E68AC300BD5831 /* ContentView.swift in Sources */,
				B857B4B125E68AC300BD5831 /* M4_L3_ChallengeApp.swift in Sources */,
				B857B4C225E68C2200BD5831 /* Tab2.swift in Sources */,
				B857B4C525E68C7700BD5831 /* Tab3.swift in Sources */,
			);
			runOnlyForDeploymentPostprocessing = 0;
		};
/* End PBXSourcesBuildPhase section */

/* Begin XCBuildConfiguration section */
		B857B4BA25E68AC400BD5831 /* Debug */ = {
			isa = XCBuildConfiguration;
			buildSettings = {
				ALWAYS_SEARCH_USER_PATHS = NO;
				CLANG_ANALYZER_NONNULL = YES;
				CLANG_ANALYZER_NUMBER_OBJECT_CONVERSION = YES_AGGRESSIVE;
				CLANG_CXX_LANGUAGE_STANDARD = "gnu++14";
				CLANG_CXX_LIBRARY = "libc++";
				CLANG_ENABLE_MODULES = YES;
				CLANG_ENABLE_OBJC_ARC = YES;
				CLANG_ENABLE_OBJC_WEAK = YES;
				CLANG_WARN_BLOCK_CAPTURE_AUTORELEASING = YES;
				CLANG_WARN_BOOL_CONVERSION = YES;
				CLANG_WARN_COMMA = YES;
				CLANG_WARN_CONSTANT_CONVERSION = YES;
				CLANG_WARN_DEPRECATED_OBJC_IMPLEMENTATIONS = YES;
				CLANG_WARN_DIRECT_OBJC_ISA_USAGE = YES_ERROR;
				CLANG_WARN_DOCUMENTATION_COMMENTS = YES;
				CLANG_WARN_EMPTY_BODY = YES;
				CLANG_WARN_ENUM_CONVERSION = YES;
				CLANG_WARN_INFINITE_RECURSION = YES;
				CLANG_WARN_INT_CONVERSION = YES;
				CLANG_WARN_NON_LITERAL_NULL_CONVERSION = YES;
				CLANG_WARN_OBJC_IMPLICIT_RETAIN_SELF = YES;
				CLANG_WARN_OBJC_LITERAL_CONVERSION = YES;
				CLANG_WARN_OBJC_ROOT_CLASS = YES_ERROR;
				CLANG_WARN_QUOTED_INCLUDE_IN_FRAMEWORK_HEADER = YES;
				CLANG_WARN_RANGE_LOOP_ANALYSIS = YES;
				CLANG_WARN_STRICT_PROTOTYPES = YES;
				CLANG_WARN_SUSPICIOUS_MOVE = YES;
				CLANG_WARN_UNGUARDED_AVAILABILITY = YES_AGGRESSIVE;
				CLANG_WARN_UNREACHABLE_CODE = YES;
				CLANG_WARN__DUPLICATE_METHOD_MATCH = YES;
				COPY_PHASE_STRIP = NO;
				DEBUG_INFORMATION_FORMAT = dwarf;
				ENABLE_STRICT_OBJC_MSGSEND = YES;
				ENABLE_TESTABILITY = YES;
				GCC_C_LANGUAGE_STANDARD = gnu11;
				GCC_DYNAMIC_NO_PIC = NO;
				GCC_NO_COMMON_BLOCKS = YES;
				GCC_OPTIMIZATION_LEVEL = 0;
				GCC_PREPROCESSOR_DEFINITIONS = (
					"DEBUG=1",
					"$(inherited)",
				);
				GCC_WARN_64_TO_32_BIT_CONVERSION = YES;
				GCC_WARN_ABOUT_RETURN_TYPE = YES_ERROR;
				GCC_WARN_UNDECLARED_SELECTOR = YES;
				GCC_WARN_UNINITIALIZED_AUTOS = YES_AGGRESSIVE;
				GCC_WARN_UNUSED_FUNCTION = YES;
				GCC_WARN_UNUSED_VARIABLE = YES;
				IPHONEOS_DEPLOYMENT_TARGET = 14.4;
				MTL_ENABLE_DEBUG_INFO = INCLUDE_SOURCE;
				MTL_FAST_MATH = YES;
				ONLY_ACTIVE_ARCH = YES;
				SDKROOT = iphoneos;
				SWIFT_ACTIVE_COMPILATION_CONDITIONS = DEBUG;
				SWIFT_OPTIMIZATION_LEVEL = "-Onone";
			};
			name = Debug;
		};
		B857B4BB25E68AC400BD5831 /* Release */ = {
			isa = XCBuildConfiguration;
			buildSettings = {
				ALWAYS_SEARCH_USER_PATHS = NO;
				CLANG_ANALYZER_NONNULL = YES;
				CLANG_ANALYZER_NUMBER_OBJECT_CONVERSION = YES_AGGRESSIVE;
				CLANG_CXX_LANGUAGE_STANDARD = "gnu++14";
				CLANG_CXX_LIBRARY = "libc++";
				CLANG_ENABLE_MODULES = YES;
				CLANG_ENABLE_OBJC_ARC = YES;
				CLANG_ENABLE_OBJC_WEAK = YES;
				CLANG_WARN_BLOCK_CAPTURE_AUTORELEASING = YES;
				CLANG_WARN_BOOL_CONVERSION = YES;
				CLANG_WARN_COMMA = YES;
				CLANG_WARN_CONSTANT_CONVERSION = YES;
				CLANG_WARN_DEPRECATED_OBJC_IMPLEMENTATIONS = YES;
				CLANG_WARN_DIRECT_OBJC_ISA_USAGE = YES_ERROR;
				CLANG_WARN_DOCUMENTATION_COMMENTS = YES;
				CLANG_WARN_EMPTY_BODY = YES;
				CLANG_WARN_ENUM_CONVERSION = YES;
				CLANG_WARN_INFINITE_RECURSION = YES;
				CLANG_WARN_INT_CONVERSION = YES;
				CLANG_WARN_NON_LITERAL_NULL_CONVERSION = YES;
				CLANG_WARN_OBJC_IMPLICIT_RETAIN_SELF = YES;
				CLANG_WARN_OBJC_LITERAL_CONVERSION = YES;
				CLANG_WARN_OBJC_ROOT_CLASS = YES_ERROR;
				CLANG_WARN_QUOTED_INCLUDE_IN_FRAMEWORK_HEADER = YES;
				CLANG_WARN_RANGE_LOOP_ANALYSIS = YES;
				CLANG_WARN_STRICT_PROTOTYPES = YES;
				CLANG_WARN_SUSPICIOUS_MOVE = YES;
				CLANG_WARN_UNGUARDED_AVAILABILITY = YES_AGGRESSIVE;
				CLANG_WARN_UNREACHABLE_CODE = YES;
				CLANG_WARN__DUPLICATE_METHOD_MATCH = YES;
				COPY_PHASE_STRIP = NO;
				DEBUG_INFORMATION_FORMAT = "dwarf-with-dsym";
				ENABLE_NS_ASSERTIONS = NO;
				ENABLE_STRICT_OBJC_MSGSEND = YES;
				GCC_C_LANGUAGE_STANDARD = gnu11;
				GCC_NO_COMMON_BLOCKS = YES;
				GCC_WARN_64_TO_32_BIT_CONVERSION = YES;
				GCC_WARN_ABOUT_RETURN_TYPE = YES_ERROR;
				GCC_WARN_UNDECLARED_SELECTOR = YES;
				GCC_WARN_UNINITIALIZED_AUTOS = YES_AGGRESSIVE;
				GCC_WARN_UNUSED_FUNCTION = YES;
				GCC_WARN_UNUSED_VARIABLE = YES;
				IPHONEOS_DEPLOYMENT_TARGET = 14.4;
				MTL_ENABLE_DEBUG_INFO = NO;
				MTL_FAST_MATH = YES;
				SDKROOT = iphoneos;
				SWIFT_COMPILATION_MODE = wholemodule;
				SWIFT_OPTIMIZATION_LEVEL = "-O";
				VALIDATE_PRODUCT = YES;
			};
			name = Release;
		};
		B857B4BD25E68AC400BD5831 /* Debug */ = {
			isa = XCBuildConfiguration;
			buildSettings = {
				ASSETCATALOG_COMPILER_APPICON_NAME = AppIcon;
				ASSETCATALOG_COMPILER_GLOBAL_ACCENT_COLOR_NAME = AccentColor;
				CODE_SIGN_STYLE = Automatic;
				DEVELOPMENT_ASSET_PATHS = "\"M4 L3 Challenge/Preview Content\"";
				DEVELOPMENT_TEAM = Z226CX359Y;
				ENABLE_PREVIEWS = YES;
				INFOPLIST_FILE = "M4 L3 Challenge/Info.plist";
				IPHONEOS_DEPLOYMENT_TARGET = 14.0;
				LD_RUNPATH_SEARCH_PATHS = (
					"$(inherited)",
					"@executable_path/Frameworks",
				);
				PRODUCT_BUNDLE_IDENTIFIER = "Arshmeet-Sodhi.M4-L3-Challenge";
				PRODUCT_NAME = "$(TARGET_NAME)";
				SWIFT_VERSION = 5.0;
				TARGETED_DEVICE_FAMILY = "1,2";
			};
			name = Debug;
		};
		B857B4BE25E68AC400BD5831 /* Release */ = {
			isa = XCBuildConfiguration;
			buildSettings = {
				ASSETCATALOG_COMPILER_APPICON_NAME = AppIcon;
				ASSETCATALOG_COMPILER_GLOBAL_ACCENT_COLOR_NAME = AccentColor;
				CODE_SIGN_STYLE = Automatic;
				DEVELOPMENT_ASSET_PATHS = "\"M4 L3 Challenge/Preview Content\"";
				DEVELOPMENT_TEAM = Z226CX359Y;
				ENABLE_PREVIEWS = YES;
				INFOPLIST_FILE = "M4 L3 Challenge/Info.plist";
				IPHONEOS_DEPLOYMENT_TARGET = 14.0;
				LD_RUNPATH_SEARCH_PATHS = (
					"$(inherited)",
					"@executable_path/Frameworks",
				);
				PRODUCT_BUNDLE_IDENTIFIER = "Arshmeet-Sodhi.M4-L3-Challenge";
				PRODUCT_NAME = "$(TARGET_NAME)";
				SWIFT_VERSION = 5.0;
				TARGETED_DEVICE_FAMILY = "1,2";
			};
			name = Release;
		};
/* End XCBuildConfiguration section */

/* Begin XCConfigurationList section */
		B857B4A825E68AC300BD5831 /* Build configuration list for PBXProject "M4 L3 Challenge" */ = {
			isa = XCConfigurationList;
			buildConfigurations = (
				B857B4BA25E68AC400BD5831 /* Debug */,
				B857B4BB25E68AC400BD5831 /* Release */,
			);
			defaultConfigurationIsVisible = 0;
			defaultConfigurationName = Release;
		};
		B857B4BC25E68AC400BD5831 /* Build configuration list for PBXNativeTarget "M4 L3 Challenge" */ = {
			isa = XCConfigurationList;
			buildConfigurations = (
				B857B4BD25E68AC400BD5831 /* Debug */,
				B857B4BE25E68AC400BD5831 /* Release */,
			);
			defaultConfigurationIsVisible = 0;
			defaultConfigurationName = Release;
		};
/* End XCConfigurationList section */
	};
	rootObject = B857B4A525E68AC300BD5831 /* Project object */;
}
